
Microsoft Visual Studio Solution File, Format Version 12.00
# Visual Studio 15
VisualStudioVersion = 15.0.28010.2019
MinimumVisualStudioVersion = 10.0.40219.1
Project("{FAE04EC0-301F-11D3-BF4B-00C04F79EFBC}") = "Opdracht_4.1", "Opdracht_4\Opdracht_4.1.csproj", "{3EB42988-0B50-483D-9819-5BEF85EFF5F2}"
EndProject
Project("{FAE04EC0-301F-11D3-BF4B-00C04F79EFBC}") = "Opdracht_4.3", "Opdracht_4.3\Opdracht_4.3.csproj", "{519F54FC-0065-4935-8768-A00EB234B0E0}"
EndProject
Project("{FAE04EC0-301F-11D3-BF4B-00C04F79EFBC}") = "Opdracht_4.2", "Opdracht_4.2\Opdracht_4.2.csproj", "{52A57383-64D5-4627-A84B-A0BBE6D081A2}"
EndProject
Global
	GlobalSection(SolutionConfigurationPlatforms) = preSolution
		Debug|Any CPU = Debug|Any CPU
		Release|Any CPU = Release|Any CPU
	EndGlobalSection
	GlobalSection(ProjectConfigurationPlatforms) = postSolution
		{3EB42988-0B50-483D-9819-5BEF85EFF5F2}.Debug|Any CPU.ActiveCfg = Debug|Any CPU
		{3EB42988-0B50-483D-9819-5BEF85EFF5F2}.Debug|Any CPU.Build.0 = Debug|Any CPU
		{3EB42988-0B50-483D-9819-5BEF85EFF5F2}.Release|Any CPU.ActiveCfg = Release|Any CPU
		{3EB42988-0B50-483D-9819-5BEF85EFF5F2}.Release|Any CPU.Build.0 = Release|Any CPU
		{519F54FC-0065-4935-8768-A00EB234B0E0}.Debug|Any CPU.ActiveCfg = Debug|Any CPU
		{519F54FC-0065-4935-8768-A00EB234B0E0}.Debug|Any CPU.Build.0 = Debug|Any CPU
		{519F54FC-0065-4935-8768-A00EB234B0E0}.Release|Any CPU.ActiveCfg = Release|Any CPU
		{519F54FC-0065-4935-8768-A00EB234B0E0}.Release|Any CPU.Build.0 = Release|Any CPU
		{52A57383-64D5-4627-A84B-A0BBE6D081A2}.Debug|Any CPU.ActiveCfg = Debug|Any CPU
		{52A57383-64D5-4627-A84B-A0BBE6D081A2}.Debug|Any CPU.Build.0 = Debug|Any CPU
		{52A57383-64D5-4627-A84B-A0BBE6D081A2}.Release|Any CPU.ActiveCfg = Release|Any CPU
		{52A57383-64D5-4627-A84B-A0BBE6D081A2}.Release|Any CPU.Build.0 = Release|Any CPU
	EndGlobalSection
	GlobalSection(SolutionProperties) = preSolution
		HideSolutionNode = FALSE
	EndGlobalSection
	GlobalSection(ExtensibilityGlobals) = postSolution
		SolutionGuid = {001E8E90-9E6B-4F42-8313-D3629ABDF8D0}
	EndGlobalSection
EndGlobal
