
Microsoft Visual Studio Solution File, Format Version 12.00
# Visual Studio 15
VisualStudioVersion = 15.0.27428.2037
MinimumVisualStudioVersion = 10.0.40219.1
Project("{FAE04EC0-301F-11D3-BF4B-00C04F79EFBC}") = "Dominos Pizza", "Dominos Pizza\Dominos Pizza.csproj", "{3FC63879-B76C-49AE-BBAF-AA4A95E5A490}"
EndProject
Global
	GlobalSection(SolutionConfigurationPlatforms) = preSolution
		Debug|Any CPU = Debug|Any CPU
		Release|Any CPU = Release|Any CPU
	EndGlobalSection
	GlobalSection(ProjectConfigurationPlatforms) = postSolution
		{3FC63879-B76C-49AE-BBAF-AA4A95E5A490}.Debug|Any CPU.ActiveCfg = Debug|Any CPU
		{3FC63879-B76C-49AE-BBAF-AA4A95E5A490}.Debug|Any CPU.Build.0 = Debug|Any CPU
		{3FC63879-B76C-49AE-BBAF-AA4A95E5A490}.Release|Any CPU.ActiveCfg = Release|Any CPU
		{3FC63879-B76C-49AE-BBAF-AA4A95E5A490}.Release|Any CPU.Build.0 = Release|Any CPU
	EndGlobalSection
	GlobalSection(SolutionProperties) = preSolution
		HideSolutionNode = FALSE
	EndGlobalSection
	GlobalSection(ExtensibilityGlobals) = postSolution
		SolutionGuid = {BFDB670F-DB97-4ADF-9959-E5F090CA4C9F}
	EndGlobalSection
EndGlobal
